
Microsoft Visual Studio Solution File, Format Version 12.00
# Visual Studio Version 17
VisualStudioVersion = 17.8.34330.188
MinimumVisualStudioVersion = 10.0.40219.1
Project("{2150E333-8FDC-42A3-9474-1A3956D46DE8}") = "src", "src", "{F6BAC21D-44AF-49F1-8413-10932CE78893}"
EndProject
Project("{9A19103F-16F7-4668-BE54-9A1E7A4F7556}") = "Domain", "Domain\Domain.csproj", "{CB87DFCC-E1B2-4055-9E11-2BA283CCEBF2}"
EndProject
Project("{9A19103F-16F7-4668-BE54-9A1E7A4F7556}") = "Application", "Application\Application.csproj", "{9F1A8400-7082-4990-B021-C34F52465B63}"
EndProject
Project("{9A19103F-16F7-4668-BE54-9A1E7A4F7556}") = "Infrastructure", "Infrastructure\Infrastructure.csproj", "{4C53AA31-FF71-469A-9036-28D77852984B}"
EndProject
Project("{9A19103F-16F7-4668-BE54-9A1E7A4F7556}") = "WebAPI", "WebAPI\WebAPI.csproj", "{0E8EDF47-5774-45FF-8D09-A0296D3F033D}"
EndProject
Project("{2150E333-8FDC-42A3-9474-1A3956D46DE8}") = "SDK", "SDK", "{64483F99-5B70-4D5F-90C1-970C2EE4898A}"
EndProject
Project("{9A19103F-16F7-4668-BE54-9A1E7A4F7556}") = "Blogger.Sdk", "Blogger.Sdk\Blogger.Sdk.csproj", "{95A895D1-81BC-46D6-ADDB-598674C82116}"
EndProject
Project("{9A19103F-16F7-4668-BE54-9A1E7A4F7556}") = "Blogger.Contracts", "Blogger.Contracts\Blogger.Contracts.csproj", "{8679043B-A118-4CFB-A5DD-6AC03E53A892}"
EndProject
Project("{9A19103F-16F7-4668-BE54-9A1E7A4F7556}") = "Blogger.Sdk.Sample", "Blogger.Sdk.Sample\Blogger.Sdk.Sample.csproj", "{C65FEED6-9661-4339-AB5F-63E21D518E4B}"
EndProject
Global
	GlobalSection(SolutionConfigurationPlatforms) = preSolution
		Debug|Any CPU = Debug|Any CPU
		Release|Any CPU = Release|Any CPU
	EndGlobalSection
	GlobalSection(ProjectConfigurationPlatforms) = postSolution
		{CB87DFCC-E1B2-4055-9E11-2BA283CCEBF2}.Debug|Any CPU.ActiveCfg = Debug|Any CPU
		{CB87DFCC-E1B2-4055-9E11-2BA283CCEBF2}.Debug|Any CPU.Build.0 = Debug|Any CPU
		{CB87DFCC-E1B2-4055-9E11-2BA283CCEBF2}.Release|Any CPU.ActiveCfg = Release|Any CPU
		{CB87DFCC-E1B2-4055-9E11-2BA283CCEBF2}.Release|Any CPU.Build.0 = Release|Any CPU
		{9F1A8400-7082-4990-B021-C34F52465B63}.Debug|Any CPU.ActiveCfg = Debug|Any CPU
		{9F1A8400-7082-4990-B021-C34F52465B63}.Debug|Any CPU.Build.0 = Debug|Any CPU
		{9F1A8400-7082-4990-B021-C34F52465B63}.Release|Any CPU.ActiveCfg = Release|Any CPU
		{9F1A8400-7082-4990-B021-C34F52465B63}.Release|Any CPU.Build.0 = Release|Any CPU
		{4C53AA31-FF71-469A-9036-28D77852984B}.Debug|Any CPU.ActiveCfg = Debug|Any CPU
		{4C53AA31-FF71-469A-9036-28D77852984B}.Debug|Any CPU.Build.0 = Debug|Any CPU
		{4C53AA31-FF71-469A-9036-28D77852984B}.Release|Any CPU.ActiveCfg = Release|Any CPU
		{4C53AA31-FF71-469A-9036-28D77852984B}.Release|Any CPU.Build.0 = Release|Any CPU
		{0E8EDF47-5774-45FF-8D09-A0296D3F033D}.Debug|Any CPU.ActiveCfg = Debug|Any CPU
		{0E8EDF47-5774-45FF-8D09-A0296D3F033D}.Debug|Any CPU.Build.0 = Debug|Any CPU
		{0E8EDF47-5774-45FF-8D09-A0296D3F033D}.Release|Any CPU.ActiveCfg = Release|Any CPU
		{0E8EDF47-5774-45FF-8D09-A0296D3F033D}.Release|Any CPU.Build.0 = Release|Any CPU
		{95A895D1-81BC-46D6-ADDB-598674C82116}.Debug|Any CPU.ActiveCfg = Debug|Any CPU
		{95A895D1-81BC-46D6-ADDB-598674C82116}.Debug|Any CPU.Build.0 = Debug|Any CPU
		{95A895D1-81BC-46D6-ADDB-598674C82116}.Release|Any CPU.ActiveCfg = Release|Any CPU
		{95A895D1-81BC-46D6-ADDB-598674C82116}.Release|Any CPU.Build.0 = Release|Any CPU
		{8679043B-A118-4CFB-A5DD-6AC03E53A892}.Debug|Any CPU.ActiveCfg = Debug|Any CPU
		{8679043B-A118-4CFB-A5DD-6AC03E53A892}.Debug|Any CPU.Build.0 = Debug|Any CPU
		{8679043B-A118-4CFB-A5DD-6AC03E53A892}.Release|Any CPU.ActiveCfg = Release|Any CPU
		{8679043B-A118-4CFB-A5DD-6AC03E53A892}.Release|Any CPU.Build.0 = Release|Any CPU
		{C65FEED6-9661-4339-AB5F-63E21D518E4B}.Debug|Any CPU.ActiveCfg = Debug|Any CPU
		{C65FEED6-9661-4339-AB5F-63E21D518E4B}.Debug|Any CPU.Build.0 = Debug|Any CPU
		{C65FEED6-9661-4339-AB5F-63E21D518E4B}.Release|Any CPU.ActiveCfg = Release|Any CPU
		{C65FEED6-9661-4339-AB5F-63E21D518E4B}.Release|Any CPU.Build.0 = Release|Any CPU
	EndGlobalSection
	GlobalSection(SolutionProperties) = preSolution
		HideSolutionNode = FALSE
	EndGlobalSection
	GlobalSection(NestedProjects) = preSolution
		{CB87DFCC-E1B2-4055-9E11-2BA283CCEBF2} = {F6BAC21D-44AF-49F1-8413-10932CE78893}
		{9F1A8400-7082-4990-B021-C34F52465B63} = {F6BAC21D-44AF-49F1-8413-10932CE78893}
		{4C53AA31-FF71-469A-9036-28D77852984B} = {F6BAC21D-44AF-49F1-8413-10932CE78893}
		{0E8EDF47-5774-45FF-8D09-A0296D3F033D} = {F6BAC21D-44AF-49F1-8413-10932CE78893}
		{64483F99-5B70-4D5F-90C1-970C2EE4898A} = {F6BAC21D-44AF-49F1-8413-10932CE78893}
		{95A895D1-81BC-46D6-ADDB-598674C82116} = {64483F99-5B70-4D5F-90C1-970C2EE4898A}
		{8679043B-A118-4CFB-A5DD-6AC03E53A892} = {64483F99-5B70-4D5F-90C1-970C2EE4898A}
		{C65FEED6-9661-4339-AB5F-63E21D518E4B} = {64483F99-5B70-4D5F-90C1-970C2EE4898A}
	EndGlobalSection
	GlobalSection(ExtensibilityGlobals) = postSolution
		SolutionGuid = {228D758C-A817-4C34-8987-2602383F064A}
	EndGlobalSection
EndGlobal
